// !$*UTF8*$!
{
	archiveVersion = 1;
	classes = {
	};
	objectVersion = 46;
	objects = {

/* Begin PBXBuildFile section */
		84F6A6F41DCDA1BF0085B2A3 /* main.m in Sources */ = {isa = PBXBuildFile; fileRef = 84F6A6F31DCDA1BF0085B2A3 /* main.m */; };
		84F6A6F71DCDA1BF0085B2A3 /* AppDelegate.m in Sources */ = {isa = PBXBuildFile; fileRef = 84F6A6F61DCDA1BF0085B2A3 /* AppDelegate.m */; };
		84F6A6FA1DCDA1BF0085B2A3 /* ViewController.m in Sources */ = {isa = PBXBuildFile; fileRef = 84F6A6F91DCDA1BF0085B2A3 /* ViewController.m */; };
		84F6A6FD1DCDA1BF0085B2A3 /* Main.storyboard in Resources */ = {isa = PBXBuildFile; fileRef = 84F6A6FB1DCDA1BF0085B2A3 /* Main.storyboard */; };
		84F6A6FF1DCDA1BF0085B2A3 /* Assets.xcassets in Resources */ = {isa = PBXBuildFile; fileRef = 84F6A6FE1DCDA1BF0085B2A3 /* Assets.xcassets */; };
		84F6A7021DCDA1BF0085B2A3 /* LaunchScreen.storyboard in Resources */ = {isa = PBXBuildFile; fileRef = 84F6A7001DCDA1BF0085B2A3 /* LaunchScreen.storyboard */; };
		84F6A70D1DCDA1C00085B2A3 /* gitignoreTestUITests.m in Sources */ = {isa = PBXBuildFile; fileRef = 84F6A70C1DCDA1C00085B2A3 /* gitignoreTestUITests.m */; };
/* End PBXBuildFile section */

/* Begin PBXContainerItemProxy section */
		84F6A7091DCDA1C00085B2A3 /* PBXContainerItemProxy */ = {
			isa = PBXContainerItemProxy;
			containerPortal = 84F6A6E71DCDA1BF0085B2A3 /* Project object */;
			proxyType = 1;
			remoteGlobalIDString = 84F6A6EE1DCDA1BF0085B2A3;
			remoteInfo = gitignoreTest;
		};
/* End PBXContainerItemProxy section */

/* Begin PBXFileReference section */
		84D86E211DCDA24D007FBF05 /* CONST.h */ = {isa = PBXFileReference; lastKnownFileType = sourcecode.c.h; path = CONST.h; sourceTree = "<group>"; };
		84F6A6EF1DCDA1BF0085B2A3 /* gitignoreTest.app */ = {isa = PBXFileReference; explicitFileType = wrapper.application; includeInIndex = 0; path = gitignoreTest.app; sourceTree = BUILT_PRODUCTS_DIR; };
		84F6A6F31DCDA1BF0085B2A3 /* main.m */ = {isa = PBXFileReference; lastKnownFileType = sourcecode.c.objc; path = main.m; sourceTree = "<group>"; };
		84F6A6F51DCDA1BF0085B2A3 /* AppDelegate.h */ = {isa = PBXFileReference; lastKnownFileType = sourcecode.c.h; path = AppDelegate.h; sourceTree = "<group>"; };
		84F6A6F61DCDA1BF0085B2A3 /* AppDelegate.m */ = {isa = PBXFileReference; lastKnownFileType = sourcecode.c.objc; path = AppDelegate.m; sourceTree = "<group>"; };
		84F6A6F81DCDA1BF0085B2A3 /* ViewController.h */ = {isa = PBXFileReference; lastKnownFileType = sourcecode.c.h; path = ViewController.h; sourceTree = "<group>"; };
		84F6A6F91DCDA1BF0085B2A3 /* ViewController.m */ = {isa = PBXFileReference; lastKnownFileType = sourcecode.c.objc; path = ViewController.m; sourceTree = "<group>"; };
		84F6A6FC1DCDA1BF0085B2A3 /* Base */ = {isa = PBXFileReference; lastKnownFileType = file.storyboard; name = Base; path = Base.lproj/Main.storyboard; sourceTree = "<group>"; };
		84F6A6FE1DCDA1BF0085B2A3 /* Assets.xcassets */ = {isa = PBXFileReference; lastKnownFileType = folder.assetcatalog; path = Assets.xcassets; sourceTree = "<group>"; };
		84F6A7011DCDA1BF0085B2A3 /* Base */ = {isa = PBXFileReference; lastKnownFileType = file.storyboard; name = Base; path = Base.lproj/LaunchScreen.storyboard; sourceTree = "<group>"; };
		84F6A7031DCDA1BF0085B2A3 /* Info.plist */ = {isa = PBXFileReference; lastKnownFileType = text.plist.xml; path = Info.plist; sourceTree = "<group>"; };
		84F6A7081DCDA1C00085B2A3 /* gitignoreTestUITests.xctest */ = {isa = PBXFileReference; explicitFileType = wrapper.cfbundle; includeInIndex = 0; path = gitignoreTestUITests.xctest; sourceTree = BUILT_PRODUCTS_DIR; };
		84F6A70C1DCDA1C00085B2A3 /* gitignoreTestUITests.m */ = {isa = PBXFileReference; lastKnownFileType = sourcecode.c.objc; path = gitignoreTestUITests.m; sourceTree = "<group>"; };
		84F6A70E1DCDA1C00085B2A3 /* Info.plist */ = {isa = PBXFileReference; lastKnownFileType = text.plist.xml; path = Info.plist; sourceTree = "<group>"; };
/* End PBXFileReference section */

/* Begin PBXFrameworksBuildPhase section */
		84F6A6EC1DCDA1BF0085B2A3 /* Frameworks */ = {
			isa = PBXFrameworksBuildPhase;
			buildActionMask = 2147483647;
			files = (
			);
			runOnlyForDeploymentPostprocessing = 0;
		};
		84F6A7051DCDA1C00085B2A3 /* Frameworks */ = {
			isa = PBXFrameworksBuildPhase;
			buildActionMask = 2147483647;
			files = (
			);
			runOnlyForDeploymentPostprocessing = 0;
		};
/* End PBXFrameworksBuildPhase section */

/* Begin PBXGroup section */
		84F6A6E61DCDA1BF0085B2A3 = {
			isa = PBXGroup;
			children = (
				84F6A6F11DCDA1BF0085B2A3 /* gitignoreTest */,
				84F6A70B1DCDA1C00085B2A3 /* gitignoreTestUITests */,
				84F6A6F01DCDA1BF0085B2A3 /* Products */,
			);
			sourceTree = "<group>";
		};
		84F6A6F01DCDA1BF0085B2A3 /* Products */ = {
			isa = PBXGroup;
			children = (
				84F6A6EF1DCDA1BF0085B2A3 /* gitignoreTest.app */,
				84F6A7081DCDA1C00085B2A3 /* gitignoreTestUITests.xctest */,
			);
			name = Products;
			sourceTree = "<group>";
		};
		84F6A6F11DCDA1BF0085B2A3 /* gitignoreTest */ = {
			isa = PBXGroup;
			children = (
				84F6A6F51DCDA1BF0085B2A3 /* AppDelegate.h */,
				84F6A6F61DCDA1BF0085B2A3 /* AppDelegate.m */,
				84F6A6F81DCDA1BF0085B2A3 /* ViewController.h */,
				84F6A6F91DCDA1BF0085B2A3 /* ViewController.m */,
				84D86E211DCDA24D007FBF05 /* CONST.h */,
				84F6A6FB1DCDA1BF0085B2A3 /* Main.storyboard */,
				84F6A6FE1DCDA1BF0085B2A3 /* Assets.xcassets */,
				84F6A7001DCDA1BF0085B2A3 /* LaunchScreen.storyboard */,
				84F6A7031DCDA1BF0085B2A3 /* Info.plist */,
				84F6A6F21DCDA1BF0085B2A3 /* Supporting Files */,
			);
			path = gitignoreTest;
			sourceTree = "<group>";
		};
		84F6A6F21DCDA1BF0085B2A3 /* Supporting Files */ = {
			isa = PBXGroup;
			children = (
				84F6A6F31DCDA1BF0085B2A3 /* main.m */,
			);
			name = "Supporting Files";
			sourceTree = "<group>";
		};
		84F6A70B1DCDA1C00085B2A3 /* gitignoreTestUITests */ = {
			isa = PBXGroup;
			children = (
				84F6A70C1DCDA1C00085B2A3 /* gitignoreTestUITests.m */,
				84F6A70E1DCDA1C00085B2A3 /* Info.plist */,
			);
			path = gitignoreTestUITests;
			sourceTree = "<group>";
		};
/* End PBXGroup section */

/* Begin PBXNativeTarget section */
		84F6A6EE1DCDA1BF0085B2A3 /* gitignoreTest */ = {
			isa = PBXNativeTarget;
			buildConfigurationList = 84F6A7111DCDA1C00085B2A3 /* Build configuration list for PBXNativeTarget "gitignoreTest" */;
			buildPhases = (
				84F6A6EB1DCDA1BF0085B2A3 /* Sources */,
				84F6A6EC1DCDA1BF0085B2A3 /* Frameworks */,
				84F6A6ED1DCDA1BF0085B2A3 /* Resources */,
			);
			buildRules = (
			);
			dependencies = (
			);
			name = gitignoreTest;
			productName = gitignoreTest;
			productReference = 84F6A6EF1DCDA1BF0085B2A3 /* gitignoreTest.app */;
			productType = "com.apple.product-type.application";
		};
		84F6A7071DCDA1C00085B2A3 /* gitignoreTestUITests */ = {
			isa = PBXNativeTarget;
			buildConfigurationList = 84F6A7141DCDA1C00085B2A3 /* Build configuration list for PBXNativeTarget "gitignoreTestUITests" */;
			buildPhases = (
				84F6A7041DCDA1C00085B2A3 /* Sources */,
				84F6A7051DCDA1C00085B2A3 /* Frameworks */,
				84F6A7061DCDA1C00085B2A3 /* Resources */,
			);
			buildRules = (
			);
			dependencies = (
				84F6A70A1DCDA1C00085B2A3 /* PBXTargetDependency */,
			);
			name = gitignoreTestUITests;
			productName = gitignoreTestUITests;
			productReference = 84F6A7081DCDA1C00085B2A3 /* gitignoreTestUITests.xctest */;
			productType = "com.apple.product-type.bundle.ui-testing";
		};
/* End PBXNativeTarget section */

/* Begin PBXProject section */
		84F6A6E71DCDA1BF0085B2A3 /* Project object */ = {
			isa = PBXProject;
			attributes = {
				LastUpgradeCheck = 0730;
				ORGANIZATIONNAME = zhangjianbin;
				TargetAttributes = {
					84F6A6EE1DCDA1BF0085B2A3 = {
						CreatedOnToolsVersion = 7.3.1;
						DevelopmentTeam = 53M3YZM8XB;
					};
					84F6A7071DCDA1C00085B2A3 = {
						CreatedOnToolsVersion = 7.3.1;
						DevelopmentTeam = 53M3YZM8XB;
						TestTargetID = 84F6A6EE1DCDA1BF0085B2A3;
					};
				};
			};
			buildConfigurationList = 84F6A6EA1DCDA1BF0085B2A3 /* Build configuration list for PBXProject "gitignoreTest" */;
			compatibilityVersion = "Xcode 3.2";
			developmentRegion = English;
			hasScannedForEncodings = 0;
			knownRegions = (
				en,
				Base,
			);
			mainGroup = 84F6A6E61DCDA1BF0085B2A3;
			productRefGroup = 84F6A6F01DCDA1BF0085B2A3 /* Products */;
			projectDirPath = "";
			projectRoot = "";
			targets = (
				84F6A6EE1DCDA1BF0085B2A3 /* gitignoreTest */,
				84F6A7071DCDA1C00085B2A3 /* gitignoreTestUITests */,
			);
		};
/* End PBXProject section */

/* Begin PBXResourcesBuildPhase section */
		84F6A6ED1DCDA1BF0085B2A3 /* Resources */ = {
			isa = PBXResourcesBuildPhase;
			buildActionMask = 2147483647;
			files = (
				84F6A7021DCDA1BF0085B2A3 /* LaunchScreen.storyboard in Resources */,
				84F6A6FF1DCDA1BF0085B2A3 /* Assets.xcassets in Resources */,
				84F6A6FD1DCDA1BF0085B2A3 /* Main.storyboard in Resources */,
			);
			runOnlyForDeploymentPostprocessing = 0;
		};
		84F6A7061DCDA1C00085B2A3 /* Resources */ = {
			isa = PBXResourcesBuildPhase;
			buildActionMask = 2147483647;
			files = (
			);
			runOnlyForDeploymentPostprocessing = 0;
		};
/* End PBXResourcesBuildPhase section */

/* Begin PBXSourcesBuildPhase section */
		84F6A6EB1DCDA1BF0085B2A3 /* Sources */ = {
			isa = PBXSourcesBuildPhase;
			buildActionMask = 2147483647;
			files = (
				84F6A6FA1DCDA1BF0085B2A3 /* ViewController.m in Sources */,
				84F6A6F71DCDA1BF0085B2A3 /* AppDelegate.m in Sources */,
				84F6A6F41DCDA1BF0085B2A3 /* main.m in Sources */,
			);
			runOnlyForDeploymentPostprocessing = 0;
		};
		84F6A7041DCDA1C00085B2A3 /* Sources */ = {
			isa = PBXSourcesBuildPhase;
			buildActionMask = 2147483647;
			files = (
				84F6A70D1DCDA1C00085B2A3 /* gitignoreTestUITests.m in Sources */,
			);
			runOnlyForDeploymentPostprocessing = 0;
		};
/* End PBXSourcesBuildPhase section */

/* Begin PBXTargetDependency section */
		84F6A70A1DCDA1C00085B2A3 /* PBXTargetDependency */ = {
			isa = PBXTargetDependency;
			target = 84F6A6EE1DCDA1BF0085B2A3 /* gitignoreTest */;
			targetProxy = 84F6A7091DCDA1C00085B2A3 /* PBXContainerItemProxy */;
		};
/* End PBXTargetDependency section */

/* Begin PBXVariantGroup section */
		84F6A6FB1DCDA1BF0085B2A3 /* Main.storyboard */ = {
			isa = PBXVariantGroup;
			children = (
				84F6A6FC1DCDA1BF0085B2A3 /* Base */,
			);
			name = Main.storyboard;
			sourceTree = "<group>";
		};
		84F6A7001DCDA1BF0085B2A3 /* LaunchScreen.storyboard */ = {
			isa = PBXVariantGroup;
			children = (
				84F6A7011DCDA1BF0085B2A3 /* Base */,
			);
			name = LaunchScreen.storyboard;
			sourceTree = "<group>";
		};
/* End PBXVariantGroup section */

/* Begin XCBuildConfiguration section */
		84F6A70F1DCDA1C00085B2A3 /* Debug */ = {
			isa = XCBuildConfiguration;
			buildSettings = {
				ALWAYS_SEARCH_USER_PATHS = NO;
				CLANG_ANALYZER_NONNULL = YES;
				CLANG_CXX_LANGUAGE_STANDARD = "gnu++0x";
				CLANG_CXX_LIBRARY = "libc++";
				CLANG_ENABLE_MODULES = YES;
				CLANG_ENABLE_OBJC_ARC = YES;
				CLANG_WARN_BOOL_CONVERSION = YES;
				CLANG_WARN_CONSTANT_CONVERSION = YES;
				CLANG_WARN_DIRECT_OBJC_ISA_USAGE = YES_ERROR;
				CLANG_WARN_EMPTY_BODY = YES;
				CLANG_WARN_ENUM_CONVERSION = YES;
				CLANG_WARN_INT_CONVERSION = YES;
				CLANG_WARN_OBJC_ROOT_CLASS = YES_ERROR;
				CLANG_WARN_UNREACHABLE_CODE = YES;
				CLANG_WARN__DUPLICATE_METHOD_MATCH = YES;
				"CODE_SIGN_IDENTITY[sdk=iphoneos*]" = "iPhone Developer";
				COPY_PHASE_STRIP = NO;
				DEBUG_INFORMATION_FORMAT = dwarf;
				ENABLE_STRICT_OBJC_MSGSEND = YES;
				ENABLE_TESTABILITY = YES;
				GCC_C_LANGUAGE_STANDARD = gnu99;
				GCC_DYNAMIC_NO_PIC = NO;
				GCC_NO_COMMON_BLOCKS = YES;
				GCC_OPTIMIZATION_LEVEL = 0;
				GCC_PREPROCESSOR_DEFINITIONS = (
					"DEBUG=1",
					"$(inherited)",
				);
				GCC_WARN_64_TO_32_BIT_CONVERSION = YES;
				GCC_WARN_ABOUT_RETURN_TYPE = YES_ERROR;
				GCC_WARN_UNDECLARED_SELECTOR = YES;
				GCC_WARN_UNINITIALIZED_AUTOS = YES_AGGRESSIVE;
				GCC_WARN_UNUSED_FUNCTION = YES;
				GCC_WARN_UNUSED_VARIABLE = YES;
				IPHONEOS_DEPLOYMENT_TARGET = 9.3;
				MTL_ENABLE_DEBUG_INFO = YES;
				ONLY_ACTIVE_ARCH = YES;
				SDKROOT = iphoneos;
			};
			name = Debug;
		};
		84F6A7101DCDA1C00085B2A3 /* Release */ = {
			isa = XCBuildConfiguration;
			buildSettings = {
				ALWAYS_SEARCH_USER_PATHS = NO;
				CLANG_ANALYZER_NONNULL = YES;
				CLANG_CXX_LANGUAGE_STANDARD = "gnu++0x";
				CLANG_CXX_LIBRARY = "libc++";
				CLANG_ENABLE_MODULES = YES;
				CLANG_ENABLE_OBJC_ARC = YES;
				CLANG_WARN_BOOL_CONVERSION = YES;
				CLANG_WARN_CONSTANT_CONVERSION = YES;
				CLANG_WARN_DIRECT_OBJC_ISA_USAGE = YES_ERROR;
				CLANG_WARN_EMPTY_BODY = YES;
				CLANG_WARN_ENUM_CONVERSION = YES;
				CLANG_WARN_INT_CONVERSION = YES;
				CLANG_WARN_OBJC_ROOT_CLASS = YES_ERROR;
				CLANG_WARN_UNREACHABLE_CODE = YES;
				CLANG_WARN__DUPLICATE_METHOD_MATCH = YES;
				"CODE_SIGN_IDENTITY[sdk=iphoneos*]" = "iPhone Developer";
				COPY_PHASE_STRIP = NO;
				DEBUG_INFORMATION_FORMAT = "dwarf-with-dsym";
				ENABLE_NS_ASSERTIONS = NO;
				ENABLE_STRICT_OBJC_MSGSEND = YES;
				GCC_C_LANGUAGE_STANDARD = gnu99;
				GCC_NO_COMMON_BLOCKS = YES;
				GCC_WARN_64_TO_32_BIT_CONVERSION = YES;
				GCC_WARN_ABOUT_RETURN_TYPE = YES_ERROR;
				GCC_WARN_UNDECLARED_SELECTOR = YES;
				GCC_WARN_UNINITIALIZED_AUTOS = YES_AGGRESSIVE;
				GCC_WARN_UNUSED_FUNCTION = YES;
				GCC_WARN_UNUSED_VARIABLE = YES;
				IPHONEOS_DEPLOYMENT_TARGET = 9.3;
				MTL_ENABLE_DEBUG_INFO = NO;
				SDKROOT = iphoneos;
				VALIDATE_PRODUCT = YES;
			};
			name = Release;
		};
		84F6A7121DCDA1C00085B2A3 /* Debug */ = {
			isa = XCBuildConfiguration;
			buildSettings = {
				ASSETCATALOG_COMPILER_APPICON_NAME = AppIcon;
				INFOPLIST_FILE = gitignoreTest/Info.plist;
				LD_RUNPATH_SEARCH_PATHS = "$(inherited) @executable_path/Frameworks";
				PRODUCT_BUNDLE_IDENTIFIER = com.binge.gitignoreTest;
				PRODUCT_NAME = "$(TARGET_NAME)";
			};
			name = Debug;
		};
		84F6A7131DCDA1C00085B2A3 /* Release */ = {
			isa = XCBuildConfiguration;
			buildSettings = {
				ASSETCATALOG_COMPILER_APPICON_NAME = AppIcon;
				INFOPLIST_FILE = gitignoreTest/Info.plist;
				LD_RUNPATH_SEARCH_PATHS = "$(inherited) @executable_path/Frameworks";
				PRODUCT_BUNDLE_IDENTIFIER = com.binge.gitignoreTest;
				PRODUCT_NAME = "$(TARGET_NAME)";
			};
			name = Release;
		};
		84F6A7151DCDA1C00085B2A3 /* Debug */ = {
			isa = XCBuildConfiguration;
			buildSettings = {
				INFOPLIST_FILE = gitignoreTestUITests/Info.plist;
				LD_RUNPATH_SEARCH_PATHS = "$(inherited) @executable_path/Frameworks @loader_path/Frameworks";
				PRODUCT_BUNDLE_IDENTIFIER = com.binge.gitignoreTestUITests;
				PRODUCT_NAME = "$(TARGET_NAME)";
				TEST_TARGET_NAME = gitignoreTest;
			};
			name = Debug;
		};
		84F6A7161DCDA1C00085B2A3 /* Release */ = {
			isa = XCBuildConfiguration;
			buildSettings = {
				INFOPLIST_FILE = gitignoreTestUITests/Info.plist;
				LD_RUNPATH_SEARCH_PATHS = "$(inherited) @executable_path/Frameworks @loader_path/Frameworks";
				PRODUCT_BUNDLE_IDENTIFIER = com.binge.gitignoreTestUITests;
				PRODUCT_NAME = "$(TARGET_NAME)";
				TEST_TARGET_NAME = gitignoreTest;
			};
			name = Release;
		};
/* End XCBuildConfiguration section */

/* Begin XCConfigurationList section */
		84F6A6EA1DCDA1BF0085B2A3 /* Build configuration list for PBXProject "gitignoreTest" */ = {
			isa = XCConfigurationList;
			buildConfigurations = (
				84F6A70F1DCDA1C00085B2A3 /* Debug */,
				84F6A7101DCDA1C00085B2A3 /* Release */,
			);
			defaultConfigurationIsVisible = 0;
			defaultConfigurationName = Release;
		};
		84F6A7111DCDA1C00085B2A3 /* Build configuration list for PBXNativeTarget "gitignoreTest" */ = {
			isa = XCConfigurationList;
			buildConfigurations = (
				84F6A7121DCDA1C00085B2A3 /* Debug */,
				84F6A7131DCDA1C00085B2A3 /* Release */,
			);
			defaultConfigurationIsVisible = 0;
			defaultConfigurationName = Release;
		};
		84F6A7141DCDA1C00085B2A3 /* Build configuration list for PBXNativeTarget "gitignoreTestUITests" */ = {
			isa = XCConfigurationList;
			buildConfigurations = (
				84F6A7151DCDA1C00085B2A3 /* Debug */,
				84F6A7161DCDA1C00085B2A3 /* Release */,
			);
			defaultConfigurationIsVisible = 0;
			defaultConfigurationName = Release;
		};
/* End XCConfigurationList section */
	};
	rootObject = 84F6A6E71DCDA1BF0085B2A3 /* Project object */;
}
